{
  "nodes": {
    "LuaSnip": {
      "flake": false,
      "locked": {
        "lastModified": 1699652674,
        "narHash": "sha256-QELWYtliN0BAj1yVKZ0QtF0KEjHDvmeZ6f8MgEpMuYs=",
        "owner": "L3MON4D3",
        "repo": "LuaSnip",
        "rev": "46c91e814732c1630b8a8b50d04acbf54b8320fa",
        "type": "github"
      },
      "original": {
        "owner": "L3MON4D3",
        "repo": "LuaSnip",
        "type": "github"
      }
    },
    "ataraxis-lua": {
      "flake": false,
      "locked": {
        "lastModified": 1659293406,
        "narHash": "sha256-BjQqkDleomf0ERHkQkM38oFZB2PO7piosa2vWvmim90=",
        "owner": "henriquehbr",
        "repo": "ataraxis.lua",
        "rev": "1ded0dde2f37a06299e6001c9343dcc774dbfa12",
        "type": "github"
      },
      "original": {
        "owner": "henriquehbr",
        "repo": "ataraxis.lua",
        "type": "github"
      }
    },
    "barbar-nvim": {
      "flake": false,
      "locked": {
        "lastModified": 1694697239,
        "narHash": "sha256-IXWqPI0t9BlxIiINEkn3c+NqGqWig6TfBEs5Or9ez1A=",
        "owner": "romgrk",
        "repo": "barbar.nvim",
        "rev": "283bceab39f549c5e5228212661750704fcfcd9e",
        "type": "github"
      },
      "original": {
        "owner": "romgrk",
        "repo": "barbar.nvim",
        "type": "github"
      }
    },
    "blamer-nvim": {
      "flake": false,
      "locked": {
        "lastModified": 1695113151,
        "narHash": "sha256-e1gQiJugFnb9RyksF7RR4WIR/4PIWbgADltTIAb4COU=",
        "owner": "APZelos",
        "repo": "blamer.nvim",
        "rev": "e0d43c11697300eb68f00d69df8b87deb0bf52dc",
        "type": "github"
      },
      "original": {
        "owner": "APZelos",
        "repo": "blamer.nvim",
        "type": "github"
      }
    },
    "calvera-dark-nvim": {
      "flake": false,
      "locked": {
        "lastModified": 1628826150,
        "narHash": "sha256-DMyElTyzSqqcKnfVm/Rjkg9Ax5WvRw5lDW1A/0+Tmfg=",
        "owner": "yashguptaz",
        "repo": "calvera-dark.nvim",
        "rev": "84802d0bde047ce79ebfddc1800800f0bd67f37a",
        "type": "github"
      },
      "original": {
        "owner": "yashguptaz",
        "repo": "calvera-dark.nvim",
        "type": "github"
      }
    },
    "cmp-buffer": {
      "flake": false,
      "locked": {
        "lastModified": 1660101488,
        "narHash": "sha256-dG4U7MtnXThoa/PD+qFtCt76MQ14V1wX8GMYcvxEnbM=",
        "owner": "hrsh7th",
        "repo": "cmp-buffer",
        "rev": "3022dbc9166796b644a841a02de8dd1cc1d311fa",
        "type": "github"
      },
      "original": {
        "owner": "hrsh7th",
        "repo": "cmp-buffer",
        "type": "github"
      }
    },
    "cmp-copilot": {
      "flake": false,
      "locked": {
        "lastModified": 1649687630,
        "narHash": "sha256-2j3Y2vvBHXLD+fPH7fbvjKadd6X/uuHI0ajkjTJR35I=",
        "owner": "hrsh7th",
        "repo": "cmp-copilot",
        "rev": "1f3f31c54bd71e41ed157430702bc2837ea582ab",
        "type": "github"
      },
      "original": {
        "owner": "hrsh7th",
        "repo": "cmp-copilot",
        "type": "github"
      }
    },
    "cmp-nvim-lsp": {
      "flake": false,
      "locked": {
        "lastModified": 1687494203,
        "narHash": "sha256-mU0soCz79erJXMMqD/FyrJZ0mu2n6fE0deymPzQlxts=",
        "owner": "hrsh7th",
        "repo": "cmp-nvim-lsp",
        "rev": "44b16d11215dce86f253ce0c30949813c0a90765",
        "type": "github"
      },
      "original": {
        "owner": "hrsh7th",
        "repo": "cmp-nvim-lsp",
        "type": "github"
      }
    },
    "cmp-path": {
      "flake": false,
      "locked": {
        "lastModified": 1664784283,
        "narHash": "sha256-thppiiV3wjIaZnAXmsh7j3DUc6ceSCvGzviwFUnoPaI=",
        "owner": "hrsh7th",
        "repo": "cmp-path",
        "rev": "91ff86cd9c29299a64f968ebb45846c485725f23",
        "type": "github"
      },
      "original": {
        "owner": "hrsh7th",
        "repo": "cmp-path",
        "type": "github"
      }
    },
    "cmp-treesitter": {
      "flake": false,
      "locked": {
        "lastModified": 1696562333,
        "narHash": "sha256-8/BOWszkyHC4bcvsvdb0GgOc+tl9NIARFK8pfCRE3wU=",
        "owner": "ray-x",
        "repo": "cmp-treesitter",
        "rev": "b8bc760dfcc624edd5454f0982b63786a822eed9",
        "type": "github"
      },
      "original": {
        "owner": "ray-x",
        "repo": "cmp-treesitter",
        "type": "github"
      }
    },
    "comment-nvim": {
      "flake": false,
      "locked": {
        "lastModified": 1691409559,
        "narHash": "sha256-+dF1ZombrlO6nQggufSb0igXW5zwU++o0W/5ZA07cdc=",
        "owner": "numToStr",
        "repo": "Comment.nvim",
        "rev": "0236521ea582747b58869cb72f70ccfa967d2e89",
        "type": "github"
      },
      "original": {
        "owner": "numToStr",
        "repo": "Comment.nvim",
        "type": "github"
      }
    },
    "completion-nvim": {
      "flake": false,
      "locked": {
        "lastModified": 1634068787,
        "narHash": "sha256-6um9dye0MLY8K8AAsDksCpy1KbMNSdMuj+zKteSAxR4=",
        "owner": "nvim-lua",
        "repo": "completion-nvim",
        "rev": "87b0f86da3dffef63b42845049c648b5d90f1c4d",
        "type": "github"
      },
      "original": {
        "owner": "nvim-lua",
        "repo": "completion-nvim",
        "type": "github"
      }
    },
    "copilot-vim": {
      "flake": false,
      "locked": {
        "lastModified": 1698880619,
        "narHash": "sha256-yuaG4kOSXSivFQCvc6iEZP230tlaFoXcZb0WxBjeWdA=",
        "owner": "github",
        "repo": "copilot.vim",
        "rev": "309b3c803d1862d5e84c7c9c5749ae04010123b8",
        "type": "github"
      },
      "original": {
        "owner": "github",
        "repo": "copilot.vim",
        "type": "github"
      }
    },
    "devshell": {
      "inputs": {
        "nixpkgs": [
          "nixpkgs"
        ],
        "systems": "systems"
      },
      "locked": {
        "lastModified": 1698410321,
        "narHash": "sha256-MphuSlgpmKwtJncGMohryHiK55J1n6WzVQ/OAfmfoMc=",
        "owner": "numtide",
        "repo": "devshell",
        "rev": "1aed986e3c81a4f6698e85a7452cbfcc4b31a36e",
        "type": "github"
      },
      "original": {
        "owner": "numtide",
        "repo": "devshell",
        "type": "github"
      }
    },
    "feline-nvim": {
      "flake": false,
      "locked": {
        "lastModified": 1695233919,
        "narHash": "sha256-u9TY9DrjDgBYJYG8RJtU+ZqFjsi2YknV2R6rL+ISb/M=",
        "owner": "famiu",
        "repo": "feline.nvim",
        "rev": "3587f57480b88e8009df7b36dc84e9c7ff8f2c49",
        "type": "github"
      },
      "original": {
        "owner": "famiu",
        "repo": "feline.nvim",
        "type": "github"
      }
    },
    "focus-vim": {
      "flake": false,
      "locked": {
        "lastModified": 1489833244,
        "narHash": "sha256-Xg6Qq9QLmWDKQfY1k9cft8XXgyy9PkywoTJUYecTizc=",
        "owner": "merlinrebrovic",
        "repo": "focus.vim",
        "rev": "7dd8f832e4e24d8b9f503af33287781fc57be404",
        "type": "github"
      },
      "original": {
        "owner": "merlinrebrovic",
        "repo": "focus.vim",
        "type": "github"
      }
    },
    "formatter-nvim": {
      "flake": false,
      "locked": {
        "lastModified": 1695327069,
        "narHash": "sha256-2pYEWpxyuL5Hpboc3GJGlmUC8uHz7LgfmYuF6E/QsyU=",
        "owner": "mhartington",
        "repo": "formatter.nvim",
        "rev": "34dcdfa0c75df667743b2a50dd99c84a557376f0",
        "type": "github"
      },
      "original": {
        "owner": "mhartington",
        "repo": "formatter.nvim",
        "type": "github"
      }
    },
    "friendly-snippets": {
      "flake": false,
      "locked": {
        "lastModified": 1696135576,
        "narHash": "sha256-qKY2UEUToOLkAgTNvKb7SSstOX/KydkIUiqFZN8JU+o=",
        "owner": "rafamadriz",
        "repo": "friendly-snippets",
        "rev": "43727c2ff84240e55d4069ec3e6158d74cb534b6",
        "type": "github"
      },
      "original": {
        "owner": "rafamadriz",
        "repo": "friendly-snippets",
        "type": "github"
      }
    },
    "fzf-lsp-nvim": {
      "flake": false,
      "locked": {
        "lastModified": 1675373807,
        "narHash": "sha256-7Ga9vLbDbTA2VNyVN3+j+SXoSsx6PT/nBH8lzbxQYIw=",
        "owner": "gfanto",
        "repo": "fzf-lsp.nvim",
        "rev": "16905056051759b15a388709a3fa65ff098eb243",
        "type": "github"
      },
      "original": {
        "owner": "gfanto",
        "repo": "fzf-lsp.nvim",
        "type": "github"
      }
    },
    "galaxyline-nvim": {
      "flake": false,
      "locked": {
        "lastModified": 1673154369,
        "narHash": "sha256-SgDl3ls6/8FGVeSTNh7C69jslOm3dU1V2X//OBjCxxk=",
        "owner": "glepnir",
        "repo": "galaxyline.nvim",
        "rev": "20f5f750002532a35193f55cd499074fc97d933d",
        "type": "github"
      },
      "original": {
        "owner": "glepnir",
        "ref": "main",
        "repo": "galaxyline.nvim",
        "type": "github"
      }
    },
    "gitsigns-nvim": {
      "flake": false,
      "locked": {
        "lastModified": 1698318418,
        "narHash": "sha256-BslnNUYAv73YVDMGsgaMuiElGYGKa2nAcDo7huoHGRM=",
        "owner": "lewis6991",
        "repo": "gitsigns.nvim",
        "rev": "af0f583cd35286dd6f0e3ed52622728703237e50",
        "type": "github"
      },
      "original": {
        "owner": "lewis6991",
        "repo": "gitsigns.nvim",
        "type": "github"
      }
    },
    "goyo-vim": {
      "flake": false,
      "locked": {
        "lastModified": 1677929138,
        "narHash": "sha256-u2N25I508s7l+6lVrDgprqgGlf6KftAVZSpCvnDcOPY=",
        "owner": "junegunn",
        "repo": "goyo.vim",
        "rev": "fa0263d456dd43f5926484d1c4c7022dfcb21ba9",
        "type": "github"
      },
      "original": {
        "owner": "junegunn",
        "repo": "goyo.vim",
        "type": "github"
      }
    },
    "gruvbox": {
      "flake": false,
      "locked": {
        "lastModified": 1695110287,
        "narHash": "sha256-yK+4EzMlsiOvszr224mdGhKzB+a440g95/jYGGEqV9U=",
        "owner": "gruvbox-community",
        "repo": "gruvbox",
        "rev": "86c767ff91e2518da44ba8c78b3bc6c979cf5403",
        "type": "github"
      },
      "original": {
        "owner": "gruvbox-community",
        "repo": "gruvbox",
        "type": "github"
      }
    },
    "harpoon": {
      "flake": false,
      "locked": {
        "lastModified": 1696945578,
        "narHash": "sha256-pSnFx5fg1llNlpTCV4hoo3Pf1KWnAJDRVSe+88N4HXM=",
        "owner": "ThePrimeagen",
        "repo": "harpoon",
        "rev": "c1aebbad9e3d13f20bedb8f2ce8b3a94e39e424a",
        "type": "github"
      },
      "original": {
        "owner": "ThePrimeagen",
        "repo": "harpoon",
        "type": "github"
      }
    },
    "indent-blankline-nvim": {
      "flake": false,
      "locked": {
        "lastModified": 1698667250,
        "narHash": "sha256-IbafWRyQuR3JwfniGZm5rJQE0u8ih6hIRThi4kxLFn0=",
        "owner": "lukas-reineke",
        "repo": "indent-blankline.nvim",
        "rev": "29be0919b91fb59eca9e90690d76014233392bef",
        "type": "github"
      },
      "original": {
        "owner": "lukas-reineke",
        "repo": "indent-blankline.nvim",
        "type": "github"
      }
    },
    "leap-nvim": {
      "flake": false,
      "locked": {
        "lastModified": 1697971449,
        "narHash": "sha256-4QOppFXF/XfmVcRoC3Z8fr2lksYQBC2fdph+Vp1zzqY=",
        "owner": "ggandor",
        "repo": "leap.nvim",
        "rev": "b6ae80f8fc9993638608fc1a51c6ab0eeb12618c",
        "type": "github"
      },
      "original": {
        "owner": "ggandor",
        "repo": "leap.nvim",
        "type": "github"
      }
    },
    "lsp_signature-nvim": {
      "flake": false,
      "locked": {
        "lastModified": 1699347960,
        "narHash": "sha256-Y030tGXYRowAPMCuiBDF3CAFotVJ4v174rh+nlCH1W8=",
        "owner": "ray-x",
        "repo": "lsp_signature.nvim",
        "rev": "9ed85616b772a07f8db56c26e8fff2d962f1f211",
        "type": "github"
      },
      "original": {
        "owner": "ray-x",
        "repo": "lsp_signature.nvim",
        "type": "github"
      }
    },
    "lspkind-nvim": {
      "flake": false,
      "locked": {
        "lastModified": 1683275543,
        "narHash": "sha256-S+qZm51hw/cRujIfHV/1x1fYyCKI4XQ0utSL8uy4l6I=",
        "owner": "onsails",
        "repo": "lspkind-nvim",
        "rev": "57610d5ab560c073c465d6faf0c19f200cb67e6e",
        "type": "github"
      },
      "original": {
        "owner": "onsails",
        "repo": "lspkind-nvim",
        "type": "github"
      }
    },
    "lualine-nvim": {
      "flake": false,
      "locked": {
        "lastModified": 1697772980,
        "narHash": "sha256-jV+6mV0dyuhiHGei1UqE2r2GoiKJLtdZI2AMNexbi7E=",
        "owner": "nvim-lualine",
        "repo": "lualine.nvim",
        "rev": "2248ef254d0a1488a72041cfb45ca9caada6d994",
        "type": "github"
      },
      "original": {
        "owner": "nvim-lualine",
        "repo": "lualine.nvim",
        "type": "github"
      }
    },
    "neogit": {
      "flake": false,
      "locked": {
        "lastModified": 1699430432,
        "narHash": "sha256-04sFlXn6wqa1XIzUygp17vN1Kv9qKWsFDGqf/mpn2Qs=",
        "owner": "TimUntersberger",
        "repo": "neogit",
        "rev": "d3c5687a78cffc25026ff31d2fcbd61a2a3e067f",
        "type": "github"
      },
      "original": {
        "owner": "TimUntersberger",
        "repo": "neogit",
        "type": "github"
      }
    },
    "neon": {
      "flake": false,
      "locked": {
        "lastModified": 1669575413,
        "narHash": "sha256-0G8JDXz8cKZnUPSX4Gx/okiaHl6jGMsCep/uaU5fr+U=",
        "owner": "rafamadriz",
        "repo": "neon",
        "rev": "7765aaa7d1cd3804176140644640766e4411c766",
        "type": "github"
      },
      "original": {
        "owner": "rafamadriz",
        "repo": "neon",
        "type": "github"
      }
    },
    "neorg": {
      "flake": false,
      "locked": {
        "lastModified": 1699452256,
        "narHash": "sha256-GuC/p47bHnyCLB7DXloV+GgVliOST9vQ9DAme5g4o9w=",
        "owner": "vhyrro",
        "repo": "neorg",
        "rev": "55090798a2eed2dd00fc1b2774bc6bf309a3bd0b",
        "type": "github"
      },
      "original": {
        "owner": "vhyrro",
        "repo": "neorg",
        "type": "github"
      }
    },
    "nixpkgs": {
      "locked": {
        "lastModified": 1699343069,
        "narHash": "sha256-s7BBhyLA6MI6FuJgs4F/SgpntHBzz40/qV0xLPW6A1Q=",
        "owner": "nixos",
        "repo": "nixpkgs",
        "rev": "ec750fd01963ab6b20ee1f0cb488754e8036d89d",
        "type": "github"
      },
      "original": {
        "owner": "nixos",
        "ref": "nixpkgs-unstable",
        "repo": "nixpkgs",
        "type": "github"
      }
    },
    "nvcode-color-schemes-vim": {
      "flake": false,
      "locked": {
        "lastModified": 1625343871,
        "narHash": "sha256-67PqSHuo/mkPyxUiscQs+HOkjo9NS5YlAFMAN1SRLg4=",
        "owner": "ChristianChiarulli",
        "repo": "nvcode-color-schemes.vim",
        "rev": "3a0e624a67ecd2c7f990bc3c25a1044e85782b10",
        "type": "github"
      },
      "original": {
        "owner": "ChristianChiarulli",
        "repo": "nvcode-color-schemes.vim",
        "type": "github"
      }
    },
    "nvim-autopairs": {
      "flake": false,
      "locked": {
        "lastModified": 1697886604,
        "narHash": "sha256-M6s05RH2tiIAfgc8wJVtBhdPyDuy5fX6bhoL0vuKV0w=",
        "owner": "windwp",
        "repo": "nvim-autopairs",
        "rev": "0f04d78619cce9a5af4f355968040f7d675854a1",
        "type": "github"
      },
      "original": {
        "owner": "windwp",
        "repo": "nvim-autopairs",
        "type": "github"
      }
    },
    "nvim-blame-line": {
      "flake": false,
      "locked": {
        "lastModified": 1651676199,
        "narHash": "sha256-qDGr6+kxls9y7Ov4Lgp6soZF2M4FbAvQB/sxXtFCHKo=",
        "owner": "tveskag",
        "repo": "nvim-blame-line",
        "rev": "b3d94f0ed5882d3d1c843c69788b9670476e1f42",
        "type": "github"
      },
      "original": {
        "owner": "tveskag",
        "repo": "nvim-blame-line",
        "type": "github"
      }
    },
    "nvim-bufferline-lua": {
      "flake": false,
      "locked": {
        "lastModified": 1698835772,
        "narHash": "sha256-la4inoYjcs6o9oNC3UkhV1D+IwJaUDvwA4UlIyJaYiI=",
        "owner": "akinsho",
        "repo": "nvim-bufferline.lua",
        "rev": "9e8d2f695dd50ab6821a6a53a840c32d2067a78a",
        "type": "github"
      },
      "original": {
        "owner": "akinsho",
        "repo": "nvim-bufferline.lua",
        "type": "github"
      }
    },
    "nvim-cmp": {
      "flake": false,
      "locked": {
        "lastModified": 1699261102,
        "narHash": "sha256-auUHEjUDOaDkMI9loN6T+/whDDNzPl04bf+nqqLQ5+I=",
        "owner": "hrsh7th",
        "repo": "nvim-cmp",
        "rev": "0b751f6beef40fd47375eaf53d3057e0bfa317e4",
        "type": "github"
      },
      "original": {
        "owner": "hrsh7th",
        "repo": "nvim-cmp",
        "type": "github"
      }
    },
    "nvim-colorizer-lua": {
      "flake": false,
      "locked": {
        "lastModified": 1591879145,
        "narHash": "sha256-6YrnItxExL2C8pNIdLd+hXCjsB2MbZANwWkah6dreD8=",
        "owner": "norcalli",
        "repo": "nvim-colorizer.lua",
        "rev": "36c610a9717cc9ec426a07c8e6bf3b3abcb139d6",
        "type": "github"
      },
      "original": {
        "owner": "norcalli",
        "repo": "nvim-colorizer.lua",
        "type": "github"
      }
    },
    "nvim-compe": {
      "flake": false,
      "locked": {
        "lastModified": 1633188506,
        "narHash": "sha256-Y2oqvsuAKM3qjmmtJVD9z34682eCRF25kPL+rxhhg7I=",
        "owner": "hrsh7th",
        "repo": "nvim-compe",
        "rev": "d186d739c54823e0b010feb205c6f97792322c08",
        "type": "github"
      },
      "original": {
        "owner": "hrsh7th",
        "repo": "nvim-compe",
        "type": "github"
      }
    },
    "nvim-dap": {
      "flake": false,
      "locked": {
        "lastModified": 1699449954,
        "narHash": "sha256-ICnaELHfRhJ3hFTv55Vxpy2C7+tTreX/v3xUCQErlt8=",
        "owner": "mfussenegger",
        "repo": "nvim-dap",
        "rev": "9d81c11fd185a131f81841e64941859305f6c42d",
        "type": "github"
      },
      "original": {
        "owner": "mfussenegger",
        "repo": "nvim-dap",
        "type": "github"
      }
    },
    "nvim-dap-virtual-text": {
      "flake": false,
      "locked": {
        "lastModified": 1685002194,
        "narHash": "sha256-yzMRudA8Wag881ewzw82uXPzHoxaB6kAapPElKN6G6E=",
        "owner": "theHamsta",
        "repo": "nvim-dap-virtual-text",
        "rev": "57f1dbd0458dd84a286b27768c142e1567f3ce3b",
        "type": "github"
      },
      "original": {
        "owner": "theHamsta",
        "repo": "nvim-dap-virtual-text",
        "type": "github"
      }
    },
    "nvim-jdtls": {
      "flake": false,
      "locked": {
        "lastModified": 1698824825,
        "narHash": "sha256-jkMeEVdxrKWuwoDIBuKYzGpYL2UFhlOnSJunKUbWCGM=",
        "owner": "mfussenegger",
        "repo": "nvim-jdtls",
        "rev": "503a399e0d0b5d432068ab5ae24b9848891b0d53",
        "type": "github"
      },
      "original": {
        "owner": "mfussenegger",
        "repo": "nvim-jdtls",
        "type": "github"
      }
    },
    "nvim-lspconfig": {
      "flake": false,
      "locked": {
        "lastModified": 1699578092,
        "narHash": "sha256-GjJYvEyPwVp6A6DV0a/vTimVtoEu4WOQtIRurqIPERc=",
        "owner": "neovim",
        "repo": "nvim-lspconfig",
        "rev": "b0852218bc5fa6514a71a9da6d5cfa63a263c83d",
        "type": "github"
      },
      "original": {
        "owner": "neovim",
        "repo": "nvim-lspconfig",
        "type": "github"
      }
    },
    "nvim-scrollview": {
      "flake": false,
      "locked": {
        "lastModified": 1699679539,
        "narHash": "sha256-30PlCTZyzWt0dDF3FewxbECOAkPvkubWdtddEULVE/g=",
        "owner": "dstein64",
        "repo": "nvim-scrollview",
        "rev": "2b7da1c0f3cb14358ee90c84201d9b9c61f470fb",
        "type": "github"
      },
      "original": {
        "owner": "dstein64",
        "repo": "nvim-scrollview",
        "type": "github"
      }
    },
    "nvim-tree-lua": {
      "flake": false,
      "locked": {
        "lastModified": 1699525229,
        "narHash": "sha256-A+EOgEN8VXRDc35v7QkIw0izdeSjyIKP6lMHidEEHuk=",
        "owner": "kyazdani42",
        "repo": "nvim-tree.lua",
        "rev": "a2aaf8b430c11af36b869cf1c0ad2f7c8ceeaf2c",
        "type": "github"
      },
      "original": {
        "owner": "kyazdani42",
        "repo": "nvim-tree.lua",
        "type": "github"
      }
    },
    "nvim-treesitter": {
      "flake": false,
      "locked": {
        "lastModified": 1699694083,
        "narHash": "sha256-MBSjwHmh4JCwa4mNuADcWaBgMhPnroDxz93eBE9ifOY=",
        "owner": "nvim-treesitter",
        "repo": "nvim-treesitter",
        "rev": "075a64addc33390028ea124a1046a43497f05cd1",
        "type": "github"
      },
      "original": {
        "owner": "nvim-treesitter",
        "repo": "nvim-treesitter",
        "type": "github"
      }
    },
    "nvim-ts-autotag": {
      "flake": false,
      "locked": {
        "lastModified": 1686883732,
        "narHash": "sha256-4qTtXYA5HyG1sADV0wsiccO/G89qEoYPmlg8tTx7h8g=",
        "owner": "windwp",
        "repo": "nvim-ts-autotag",
        "rev": "6be1192965df35f94b8ea6d323354f7dc7a557e4",
        "type": "github"
      },
      "original": {
        "owner": "windwp",
        "repo": "nvim-ts-autotag",
        "type": "github"
      }
    },
    "nvim-ts-context-commentstring": {
      "flake": false,
      "locked": {
        "lastModified": 1697124901,
        "narHash": "sha256-VdjBErbyk80U3auQBKnfEg7PPLCRKoacRO5O9w7GyvE=",
        "owner": "JoosepAlviste",
        "repo": "nvim-ts-context-commentstring",
        "rev": "92e688f013c69f90c9bbd596019ec10235bc51de",
        "type": "github"
      },
      "original": {
        "owner": "JoosepAlviste",
        "repo": "nvim-ts-context-commentstring",
        "type": "github"
      }
    },
    "nvim-ts-rainbow": {
      "flake": false,
      "locked": {
        "lastModified": 1672675794,
        "narHash": "sha256-4RQptdc3ktaj+Vw1Ykr6jD4q1JEsKNyBNUgUEdNDu1E=",
        "owner": "p00f",
        "repo": "nvim-ts-rainbow",
        "rev": "ef95c15a935f97c65a80e48e12fe72d49aacf9b9",
        "type": "github"
      },
      "original": {
        "owner": "p00f",
        "repo": "nvim-ts-rainbow",
        "type": "github"
      }
    },
    "nvim-web-devicons": {
      "flake": false,
      "locked": {
        "lastModified": 1699523965,
        "narHash": "sha256-Z3M+fDkvcD+KJgixSNjVKaniBqlxdW5Z4i0bh4v7h9M=",
        "owner": "kyazdani42",
        "repo": "nvim-web-devicons",
        "rev": "47103b80c38c59f7a1b5408c232b92bf5d018651",
        "type": "github"
      },
      "original": {
        "owner": "kyazdani42",
        "repo": "nvim-web-devicons",
        "type": "github"
      }
    },
    "octo-nvim": {
      "flake": false,
      "locked": {
        "lastModified": 1699571202,
        "narHash": "sha256-7r07KXU6u/b5rofSoFhOEyRfD1Xn47tTcS45AU4doBg=",
        "owner": "pwntester",
        "repo": "octo.nvim",
        "rev": "154721cebecde111242377901760b6d175e49d84",
        "type": "github"
      },
      "original": {
        "owner": "pwntester",
        "repo": "octo.nvim",
        "type": "github"
      }
    },
    "onedark-nvim": {
      "flake": false,
      "locked": {
        "lastModified": 1689744943,
        "narHash": "sha256-rt/VKABAfxyFBKNerZiswWDaBrusrn7WaI1jHbn3I/s=",
        "owner": "joshdick",
        "repo": "onedark.vim",
        "rev": "57b77747694ea5676c3ca0eeaf9567dc499730c0",
        "type": "github"
      },
      "original": {
        "owner": "joshdick",
        "repo": "onedark.vim",
        "type": "github"
      }
    },
    "packer-nvim": {
      "flake": false,
      "locked": {
        "lastModified": 1692903942,
        "narHash": "sha256-fLM+ptjMd1YNoJQEI0vvr4sjaay7dfpaGhvWUy91d1M=",
        "owner": "wbthomason",
        "repo": "packer.nvim",
        "rev": "ea0cc3c59f67c440c5ff0bbe4fb9420f4350b9a3",
        "type": "github"
      },
      "original": {
        "owner": "wbthomason",
        "repo": "packer.nvim",
        "type": "github"
      }
    },
    "plenary-nvim": {
      "flake": false,
      "locked": {
        "lastModified": 1697031827,
        "narHash": "sha256-zR44d9MowLG1lIbvrRaFTpO/HXKKrO6lbtZfvvTdx+o=",
        "owner": "nvim-lua",
        "repo": "plenary.nvim",
        "rev": "50012918b2fc8357b87cff2a7f7f0446e47da174",
        "type": "github"
      },
      "original": {
        "owner": "nvim-lua",
        "repo": "plenary.nvim",
        "type": "github"
      }
    },
    "popup-nvim": {
      "flake": false,
      "locked": {
        "lastModified": 1637254091,
        "narHash": "sha256-dNWz/xovUg55fDZUpVs/2kLphk3lqQyvPtc9ATwbeSQ=",
        "owner": "nvim-lua",
        "repo": "popup.nvim",
        "rev": "b7404d35d5d3548a82149238289fa71f7f6de4ac",
        "type": "github"
      },
      "original": {
        "owner": "nvim-lua",
        "repo": "popup.nvim",
        "type": "github"
      }
    },
    "presence-nvim": {
      "flake": false,
      "locked": {
        "lastModified": 1674984077,
        "narHash": "sha256-ZpsunLsn//zYgUtmAm5FqKVueVd/Pa1r55ZDqxCimBk=",
        "owner": "andweeb",
        "repo": "presence.nvim",
        "rev": "87c857a56b7703f976d3a5ef15967d80508df6e6",
        "type": "github"
      },
      "original": {
        "owner": "andweeb",
        "repo": "presence.nvim",
        "type": "github"
      }
    },
    "root": {
      "inputs": {
        "LuaSnip": "LuaSnip",
        "ataraxis-lua": "ataraxis-lua",
        "barbar-nvim": "barbar-nvim",
        "blamer-nvim": "blamer-nvim",
        "calvera-dark-nvim": "calvera-dark-nvim",
        "cmp-buffer": "cmp-buffer",
        "cmp-copilot": "cmp-copilot",
        "cmp-nvim-lsp": "cmp-nvim-lsp",
        "cmp-path": "cmp-path",
        "cmp-treesitter": "cmp-treesitter",
        "comment-nvim": "comment-nvim",
        "completion-nvim": "completion-nvim",
        "copilot-vim": "copilot-vim",
        "devshell": "devshell",
        "feline-nvim": "feline-nvim",
        "focus-vim": "focus-vim",
        "formatter-nvim": "formatter-nvim",
        "friendly-snippets": "friendly-snippets",
        "fzf-lsp-nvim": "fzf-lsp-nvim",
        "galaxyline-nvim": "galaxyline-nvim",
        "gitsigns-nvim": "gitsigns-nvim",
        "goyo-vim": "goyo-vim",
        "gruvbox": "gruvbox",
        "harpoon": "harpoon",
        "indent-blankline-nvim": "indent-blankline-nvim",
        "leap-nvim": "leap-nvim",
        "lsp_signature-nvim": "lsp_signature-nvim",
        "lspkind-nvim": "lspkind-nvim",
        "lualine-nvim": "lualine-nvim",
        "neogit": "neogit",
        "neon": "neon",
        "neorg": "neorg",
        "nixpkgs": "nixpkgs",
        "nvcode-color-schemes-vim": "nvcode-color-schemes-vim",
        "nvim-autopairs": "nvim-autopairs",
        "nvim-blame-line": "nvim-blame-line",
        "nvim-bufferline-lua": "nvim-bufferline-lua",
        "nvim-cmp": "nvim-cmp",
        "nvim-colorizer-lua": "nvim-colorizer-lua",
        "nvim-compe": "nvim-compe",
        "nvim-dap": "nvim-dap",
        "nvim-dap-virtual-text": "nvim-dap-virtual-text",
        "nvim-jdtls": "nvim-jdtls",
        "nvim-lspconfig": "nvim-lspconfig",
        "nvim-scrollview": "nvim-scrollview",
        "nvim-tree-lua": "nvim-tree-lua",
        "nvim-treesitter": "nvim-treesitter",
        "nvim-ts-autotag": "nvim-ts-autotag",
        "nvim-ts-context-commentstring": "nvim-ts-context-commentstring",
        "nvim-ts-rainbow": "nvim-ts-rainbow",
        "nvim-web-devicons": "nvim-web-devicons",
        "octo-nvim": "octo-nvim",
        "onedark-nvim": "onedark-nvim",
        "packer-nvim": "packer-nvim",
        "plenary-nvim": "plenary-nvim",
        "popup-nvim": "popup-nvim",
        "presence-nvim": "presence-nvim",
        "scrollbar-nvim": "scrollbar-nvim",
        "snippets-nvim": "snippets-nvim",
        "sql-nvim": "sql-nvim",
        "telescope-cheat-nvim": "telescope-cheat-nvim",
        "telescope-dap-nvim": "telescope-dap-nvim",
        "telescope-emoji-nvim": "telescope-emoji-nvim",
        "telescope-file-browser-nvim": "telescope-file-browser-nvim",
        "telescope-frecency-nvim": "telescope-frecency-nvim",
        "telescope-fzf-writer-nvim": "telescope-fzf-writer-nvim",
        "telescope-fzy-native-nvim": "telescope-fzy-native-nvim",
        "telescope-ghq-nvim": "telescope-ghq-nvim",
        "telescope-github-nvim": "telescope-github-nvim",
        "telescope-media-files-nvim": "telescope-media-files-nvim",
        "telescope-node-modules-nvim": "telescope-node-modules-nvim",
        "telescope-nvim": "telescope-nvim",
        "telescope-packer-nvim": "telescope-packer-nvim",
        "telescope-project-nvim": "telescope-project-nvim",
        "telescope-snippets-nvim": "telescope-snippets-nvim",
        "telescope-symbols-nvim": "telescope-symbols-nvim",
        "telescope-vimspector-nvim": "telescope-vimspector-nvim",
        "telescope-z-nvim": "telescope-z-nvim",
        "toggleterm-nvim": "toggleterm-nvim",
        "trouble-nvim": "trouble-nvim",
        "utils": "utils",
        "vim-dadbod-ui": "vim-dadbod-ui",
        "vim-devicons": "vim-devicons",
        "vim-import-cost": "vim-import-cost",
        "vim-prisma": "vim-prisma",
        "vim-repl": "vim-repl",
        "vim-vsnip": "vim-vsnip",
        "vim-vsnip-integ": "vim-vsnip-integ",
        "vim-which-key": "vim-which-key",
        "which-key-nvim": "which-key-nvim"
      }
    },
    "scrollbar-nvim": {
      "flake": false,
      "locked": {
        "lastModified": 1655374874,
        "narHash": "sha256-BGj3vaOZkMpObF1WhPUcuBObWWx6fLTEdS7B9m3C4pE=",
        "owner": "Xuyuanp",
        "repo": "scrollbar.nvim",
        "rev": "bc97c132e8367efecb2ecb937d385e7dc04eb5a1",
        "type": "github"
      },
      "original": {
        "owner": "Xuyuanp",
        "repo": "scrollbar.nvim",
        "type": "github"
      }
    },
    "snippets-nvim": {
      "flake": false,
      "locked": {
        "lastModified": 1599694947,
        "narHash": "sha256-APFz6zknNpBDLI1nM5B4BZEm40EDvhY5nRB6W9rpurk=",
        "owner": "norcalli",
        "repo": "snippets.nvim",
        "rev": "7b5fd8071d4fb6fa981a899aae56b55897c079fd",
        "type": "github"
      },
      "original": {
        "owner": "norcalli",
        "repo": "snippets.nvim",
        "type": "github"
      }
    },
    "sql-nvim": {
      "flake": false,
      "locked": {
        "lastModified": 1681923697,
        "narHash": "sha256-XElCJGganIIh4T5K5kKZTbVYwVOXCtLF1fdc95NopDc=",
        "owner": "tami5",
        "repo": "sql.nvim",
        "rev": "b7e28c8463254c46a8e61c52d27d6a2040492fc3",
        "type": "github"
      },
      "original": {
        "owner": "tami5",
        "repo": "sql.nvim",
        "type": "github"
      }
    },
    "systems": {
      "locked": {
        "lastModified": 1681028828,
        "narHash": "sha256-Vy1rq5AaRuLzOxct8nz4T6wlgyUR7zLU309k9mBC768=",
        "owner": "nix-systems",
        "repo": "default",
        "rev": "da67096a3b9bf56a91d16901293e51ba5b49a27e",
        "type": "github"
      },
      "original": {
        "owner": "nix-systems",
        "repo": "default",
        "type": "github"
      }
    },
    "systems_2": {
      "locked": {
        "lastModified": 1681028828,
        "narHash": "sha256-Vy1rq5AaRuLzOxct8nz4T6wlgyUR7zLU309k9mBC768=",
        "owner": "nix-systems",
        "repo": "default",
        "rev": "da67096a3b9bf56a91d16901293e51ba5b49a27e",
        "type": "github"
      },
      "original": {
        "owner": "nix-systems",
        "repo": "default",
        "type": "github"
      }
    },
    "telescope-cheat-nvim": {
      "flake": false,
      "locked": {
        "lastModified": 1676798116,
        "narHash": "sha256-tfhvgT9ySUrPG3rMZ5t9R4L2euG3AN8C9ANZZ4zYrXM=",
        "owner": "nvim-telescope",
        "repo": "telescope-cheat.nvim",
        "rev": "5549dfe9207b06eb28bff74af977f078376f9762",
        "type": "github"
      },
      "original": {
        "owner": "nvim-telescope",
        "repo": "telescope-cheat.nvim",
        "type": "github"
      }
    },
    "telescope-dap-nvim": {
      "flake": false,
      "locked": {
        "lastModified": 1694358319,
        "narHash": "sha256-JZRbO+wMZXzzLwEGeRK9S0WldAFrhxtiMwAGsXmdQbk=",
        "owner": "nvim-telescope",
        "repo": "telescope-dap.nvim",
        "rev": "4e2d5efb92062f0b865fe59b200b5ed7793833bf",
        "type": "github"
      },
      "original": {
        "owner": "nvim-telescope",
        "repo": "telescope-dap.nvim",
        "type": "github"
      }
    },
    "telescope-emoji-nvim": {
      "flake": false,
      "locked": {
        "lastModified": 1670503796,
        "narHash": "sha256-8V3MTporANLtZkH0RuLviWlgMmR6fay0WmZ3ZOQzpKI=",
        "owner": "xiyaowong",
        "repo": "telescope-emoji.nvim",
        "rev": "86248d97be84a1ce83f0541500ef9edc99ea2aa1",
        "type": "github"
      },
      "original": {
        "owner": "xiyaowong",
        "repo": "telescope-emoji.nvim",
        "type": "github"
      }
    },
    "telescope-file-browser-nvim": {
      "flake": false,
      "locked": {
        "lastModified": 1699218537,
        "narHash": "sha256-nOiraj0yvYa2HLUAOj774hsxYGYtDuKsBpqvqxwLM1w=",
        "owner": "nvim-telescope",
        "repo": "telescope-file-browser.nvim",
        "rev": "3044ff9e38d1ed8d7818d72d9f951ed9d1b0563d",
        "type": "github"
      },
      "original": {
        "owner": "nvim-telescope",
        "repo": "telescope-file-browser.nvim",
        "type": "github"
      }
    },
    "telescope-frecency-nvim": {
      "flake": false,
      "locked": {
        "lastModified": 1696929428,
        "narHash": "sha256-6xtXhWLKuTQKU+Rz3EqzhE58Mbu84r1drl218D20jlY=",
        "owner": "nvim-telescope",
        "repo": "telescope-frecency.nvim",
        "rev": "daf59744f60e34cbb48a40a092e9e735553b6f21",
        "type": "github"
      },
      "original": {
        "owner": "nvim-telescope",
        "repo": "telescope-frecency.nvim",
        "type": "github"
      }
    },
    "telescope-fzf-writer-nvim": {
      "flake": false,
      "locked": {
        "lastModified": 1618585879,
        "narHash": "sha256-pyir3SyJmUsYhjY7nRj67mbd0M+Z7t+TqSzE8zqOs7A=",
        "owner": "nvim-telescope",
        "repo": "telescope-fzf-writer.nvim",
        "rev": "00a1ab1b0aeaa4ad9da238861325ea1ee6d90a44",
        "type": "github"
      },
      "original": {
        "owner": "nvim-telescope",
        "repo": "telescope-fzf-writer.nvim",
        "type": "github"
      }
    },
    "telescope-fzy-native-nvim": {
      "flake": false,
      "locked": {
        "lastModified": 1662879374,
        "narHash": "sha256-ntSc/Z2KGwAPwBSgQ2m+Q9HgpGUwGbd+4fA/dtzOXY4=",
        "owner": "nvim-telescope",
        "repo": "telescope-fzy-native.nvim",
        "rev": "282f069504515eec762ab6d6c89903377252bf5b",
        "type": "github"
      },
      "original": {
        "owner": "nvim-telescope",
        "repo": "telescope-fzy-native.nvim",
        "type": "github"
      }
    },
    "telescope-ghq-nvim": {
      "flake": false,
      "locked": {
        "lastModified": 1692315070,
        "narHash": "sha256-bOpgGxaSUN/+3DCm2+8G57y+miPmeMIuDQaO4Ugikf4=",
        "owner": "nvim-telescope",
        "repo": "telescope-ghq.nvim",
        "rev": "2bd2e2d10f1a06fce9cce1e33ffe464c84ceb63b",
        "type": "github"
      },
      "original": {
        "owner": "nvim-telescope",
        "repo": "telescope-ghq.nvim",
        "type": "github"
      }
    },
    "telescope-github-nvim": {
      "flake": false,
      "locked": {
        "lastModified": 1650638470,
        "narHash": "sha256-YuJfDVw5SD8TIZnQdZPMwqVW+e3a45Ub7H4OLyJcg6Q=",
        "owner": "nvim-telescope",
        "repo": "telescope-github.nvim",
        "rev": "ee95c509901c3357679e9f2f9eaac3561c811736",
        "type": "github"
      },
      "original": {
        "owner": "nvim-telescope",
        "repo": "telescope-github.nvim",
        "type": "github"
      }
    },
    "telescope-media-files-nvim": {
      "flake": false,
      "locked": {
        "lastModified": 1676798033,
        "narHash": "sha256-+mIQVIoreE+goSBtMucgiEPldI01JDRdCKWH/6mzey8=",
        "owner": "nvim-telescope",
        "repo": "telescope-media-files.nvim",
        "rev": "0826c7a730bc4d36068f7c85cf4c5b3fd9fb570a",
        "type": "github"
      },
      "original": {
        "owner": "nvim-telescope",
        "repo": "telescope-media-files.nvim",
        "type": "github"
      }
    },
    "telescope-node-modules-nvim": {
      "flake": false,
      "locked": {
        "lastModified": 1651890876,
        "narHash": "sha256-MaYGGFdmqLmbBg1a/lE9OIgVyanIu3/xi1lXCez04NE=",
        "owner": "nvim-telescope",
        "repo": "telescope-node-modules.nvim",
        "rev": "b846d33ff5763176dc14fc74c30941a2067c82fd",
        "type": "github"
      },
      "original": {
        "owner": "nvim-telescope",
        "repo": "telescope-node-modules.nvim",
        "type": "github"
      }
    },
    "telescope-nvim": {
      "flake": false,
      "locked": {
        "lastModified": 1699236417,
        "narHash": "sha256-JZuEJKiWmoBC1KGjkgebi5zsWMyLmn+jSR633lHa2yQ=",
        "owner": "nvim-telescope",
        "repo": "telescope.nvim",
        "rev": "20bf20500c95208c3ac0ef07245065bf94dcab15",
        "type": "github"
      },
      "original": {
        "owner": "nvim-telescope",
        "repo": "telescope.nvim",
        "type": "github"
      }
    },
    "telescope-packer-nvim": {
      "flake": false,
      "locked": {
        "lastModified": 1650204400,
        "narHash": "sha256-iBu2JSITuNO3qY8xpP3SOWyb9IrkOQfQKfN4IBRmIp0=",
        "owner": "nvim-telescope",
        "repo": "telescope-packer.nvim",
        "rev": "56f3255b48b0b256afcd86d861ac7bca8977a217",
        "type": "github"
      },
      "original": {
        "owner": "nvim-telescope",
        "repo": "telescope-packer.nvim",
        "type": "github"
      }
    },
    "telescope-project-nvim": {
      "flake": false,
      "locked": {
        "lastModified": 1699263681,
        "narHash": "sha256-SxtjDnvObVLl1+rpsmUDbhsgpCnNGa40NbNFlMzTRVY=",
        "owner": "nvim-telescope",
        "repo": "telescope-project.nvim",
        "rev": "5460c6c60d48618c5c746e5b1cad4c3e8262fdae",
        "type": "github"
      },
      "original": {
        "owner": "nvim-telescope",
        "repo": "telescope-project.nvim",
        "type": "github"
      }
    },
    "telescope-snippets-nvim": {
      "flake": false,
      "locked": {
        "lastModified": 1614011958,
        "narHash": "sha256-MRP/iqAmNkwLuxjYeghmJPYnIqSD/gDLqtSTGjVCVpw=",
        "owner": "nvim-telescope",
        "repo": "telescope-snippets.nvim",
        "rev": "e5c34379ea667b7f8d5d8fc999b5f4fbc4a997dd",
        "type": "github"
      },
      "original": {
        "owner": "nvim-telescope",
        "repo": "telescope-snippets.nvim",
        "type": "github"
      }
    },
    "telescope-symbols-nvim": {
      "flake": false,
      "locked": {
        "lastModified": 1676798179,
        "narHash": "sha256-cNBqJe6kjwi3d+SNiJhy9DQYqClcxvy1+TMLip6QN70=",
        "owner": "nvim-telescope",
        "repo": "telescope-symbols.nvim",
        "rev": "f2060117d965df4a626f068a4ebbd8ee051aa076",
        "type": "github"
      },
      "original": {
        "owner": "nvim-telescope",
        "repo": "telescope-symbols.nvim",
        "type": "github"
      }
    },
    "telescope-vimspector-nvim": {
      "flake": false,
      "locked": {
        "lastModified": 1638821359,
        "narHash": "sha256-pg+hc67u2cAgPKe8gE5I5KXzHeh4TFHGWzWZy3O3oqM=",
        "owner": "nvim-telescope",
        "repo": "telescope-vimspector.nvim",
        "rev": "0c39e42f63b8cc06a5c2c0aafaf47dea56193acc",
        "type": "github"
      },
      "original": {
        "owner": "nvim-telescope",
        "repo": "telescope-vimspector.nvim",
        "type": "github"
      }
    },
    "telescope-z-nvim": {
      "flake": false,
      "locked": {
        "lastModified": 1692316029,
        "narHash": "sha256-w+hcCgh5DP5xC4EQvvrba7JuAE3c72SOk4Oc3yNvbMc=",
        "owner": "nvim-telescope",
        "repo": "telescope-z.nvim",
        "rev": "3a31d9741fe4353e5c8b59cfc4eda5420dc7f938",
        "type": "github"
      },
      "original": {
        "owner": "nvim-telescope",
        "repo": "telescope-z.nvim",
        "type": "github"
      }
    },
    "toggleterm-nvim": {
      "flake": false,
      "locked": {
        "lastModified": 1696244719,
        "narHash": "sha256-y+xMqHUJEBvZuE2+JRlfqZX9enWV0+qyTzuwU9PAK6c=",
        "owner": "akinsho",
        "repo": "toggleterm.nvim",
        "rev": "c80844fd52ba76f48fabf83e2b9f9b93273f418d",
        "type": "github"
      },
      "original": {
        "owner": "akinsho",
        "repo": "toggleterm.nvim",
        "type": "github"
      }
    },
    "trouble-nvim": {
      "flake": false,
      "locked": {
        "lastModified": 1697626811,
        "narHash": "sha256-8nLghiueYOtWY7OGVxow9A2G/5lgt+Kt5D8q1xeJvVg=",
        "owner": "folke",
        "repo": "trouble.nvim",
        "rev": "f1168feada93c0154ede4d1fe9183bf69bac54ea",
        "type": "github"
      },
      "original": {
        "owner": "folke",
        "repo": "trouble.nvim",
        "type": "github"
      }
    },
    "utils": {
      "inputs": {
        "systems": "systems_2"
      },
      "locked": {
        "lastModified": 1694529238,
        "narHash": "sha256-zsNZZGTGnMOf9YpHKJqMSsa0dXbfmxeoJ7xHlrt+xmY=",
        "owner": "numtide",
        "repo": "flake-utils",
        "rev": "ff7b65b44d01cf9ba6a71320833626af21126384",
        "type": "github"
      },
      "original": {
        "owner": "numtide",
        "repo": "flake-utils",
        "type": "github"
      }
    },
    "vim-dadbod-ui": {
      "flake": false,
      "locked": {
        "lastModified": 1695997921,
        "narHash": "sha256-FJPZWqqZQJBYMXi/a0QgB2RZDkSr10Rj7kPmYODHKxE=",
        "owner": "kristijanhusak",
        "repo": "vim-dadbod-ui",
        "rev": "95fd22469507e86b78aa55d868c14108adee2881",
        "type": "github"
      },
      "original": {
        "owner": "kristijanhusak",
        "repo": "vim-dadbod-ui",
        "type": "github"
      }
    },
    "vim-devicons": {
      "flake": false,
      "locked": {
        "lastModified": 1664648913,
        "narHash": "sha256-9g3UdBcc34MR/BrKYqOki2Ge29k/QaRMsnyY+Pq9UE8=",
        "owner": "ryanoasis",
        "repo": "vim-devicons",
        "rev": "71f239af28b7214eebb60d4ea5bd040291fb7e33",
        "type": "github"
      },
      "original": {
        "owner": "ryanoasis",
        "repo": "vim-devicons",
        "type": "github"
      }
    },
    "vim-import-cost": {
      "flake": false,
      "locked": {
        "lastModified": 1635871015,
        "narHash": "sha256-WCg9u78Vswpq3ic3n9cXC2fv/k9IwmLLa5UyMt+Hz6k=",
        "owner": "yardnsm",
        "repo": "vim-import-cost",
        "rev": "392ce68f4cf7f2c6aa73cef56ae1b770f985df16",
        "type": "github"
      },
      "original": {
        "owner": "yardnsm",
        "repo": "vim-import-cost",
        "type": "github"
      }
    },
    "vim-prisma": {
      "flake": false,
      "locked": {
        "lastModified": 1674573449,
        "narHash": "sha256-Xn8bQknIuZwBKptNI+mMfmlAZcCKzs1oWMYR8r+61BA=",
        "owner": "pantharshit00",
        "repo": "vim-prisma",
        "rev": "95c5b25066efb34c75bce78698baa371fe0ee7c2",
        "type": "github"
      },
      "original": {
        "owner": "pantharshit00",
        "repo": "vim-prisma",
        "type": "github"
      }
    },
    "vim-repl": {
      "flake": false,
      "locked": {
        "lastModified": 1647749149,
        "narHash": "sha256-vzmQmNYl/zaOEzP/uyleZXtpo+xl3uH81zs3AWQ+VRk=",
        "owner": "sillybun",
        "repo": "vim-repl",
        "rev": "47a020cebc5152c9c866ce1e1ba34bc8f77ba00d",
        "type": "github"
      },
      "original": {
        "owner": "sillybun",
        "repo": "vim-repl",
        "type": "github"
      }
    },
    "vim-vsnip": {
      "flake": false,
      "locked": {
        "lastModified": 1694741111,
        "narHash": "sha256-EbOawtNqAxCHIclKaHfkRWlvHOKAO1p0FYpqlvH5ODo=",
        "owner": "hrsh7th",
        "repo": "vim-vsnip",
        "rev": "be277461265f1e5c7db470aa479f30956597ea9e",
        "type": "github"
      },
      "original": {
        "owner": "hrsh7th",
        "repo": "vim-vsnip",
        "type": "github"
      }
    },
    "vim-vsnip-integ": {
      "flake": false,
      "locked": {
        "lastModified": 1688219160,
        "narHash": "sha256-WAT8Jh97OZ30z+hCsK3E/8HS8flBgjP7wplvCvf+Fks=",
        "owner": "hrsh7th",
        "repo": "vim-vsnip-integ",
        "rev": "1914e72cf3de70df7f5dde476cd299aba2440aef",
        "type": "github"
      },
      "original": {
        "owner": "hrsh7th",
        "repo": "vim-vsnip-integ",
        "type": "github"
      }
    },
    "vim-which-key": {
      "flake": false,
      "locked": {
        "lastModified": 1694656134,
        "narHash": "sha256-qTdFEhI5CNjRywbB9nlDvk4Sfvi2dBrxsRVSrEWmbgw=",
        "owner": "liuchengxu",
        "repo": "vim-which-key",
        "rev": "08cf520fc4785e656dfdb319ecf6fe9e75bfc4fa",
        "type": "github"
      },
      "original": {
        "owner": "liuchengxu",
        "repo": "vim-which-key",
        "type": "github"
      }
    },
    "which-key-nvim": {
      "flake": false,
      "locked": {
        "lastModified": 1697801635,
        "narHash": "sha256-uvghPj/teWrRMm09Gh8iQ/LV2nYJw0lmoiZK6L4+1cY=",
        "owner": "folke",
        "repo": "which-key.nvim",
        "rev": "4433e5ec9a507e5097571ed55c02ea9658fb268a",
        "type": "github"
      },
      "original": {
        "owner": "folke",
        "repo": "which-key.nvim",
        "type": "github"
      }
    }
  },
  "root": "root",
  "version": 7
}
